// !$*UTF8*$!
{
	archiveVersion = 1;
	classes = {
	};
	objectVersion = 50;
	objects = {

/* Begin PBXBuildFile section */
		0455AE7D21D622AA007EAF3D /* AppDelegate.swift in Sources */ = {isa = PBXBuildFile; fileRef = 0455AE7C21D622AA007EAF3D /* AppDelegate.swift */; };
		0455AE7F21D622AA007EAF3D /* ViewController.swift in Sources */ = {isa = PBXBuildFile; fileRef = 0455AE7E21D622AA007EAF3D /* ViewController.swift */; };
		0455AE8221D622AA007EAF3D /* Main.storyboard in Resources */ = {isa = PBXBuildFile; fileRef = 0455AE8021D622AA007EAF3D /* Main.storyboard */; };
		0455AE8421D622B9007EAF3D /* Assets.xcassets in Resources */ = {isa = PBXBuildFile; fileRef = 0455AE8321D622B9007EAF3D /* Assets.xcassets */; };
		0455AE8721D622BA007EAF3D /* LaunchScreen.storyboard in Resources */ = {isa = PBXBuildFile; fileRef = 0455AE8521D622BA007EAF3D /* LaunchScreen.storyboard */; };
		0455AE9221D622BA007EAF3D /* coogleTests.swift in Sources */ = {isa = PBXBuildFile; fileRef = 0455AE9121D622BA007EAF3D /* coogleTests.swift */; };
		0455AE9D21D622BA007EAF3D /* coogleUITests.swift in Sources */ = {isa = PBXBuildFile; fileRef = 0455AE9C21D622BA007EAF3D /* coogleUITests.swift */; };
/* End PBXBuildFile section */

/* Begin PBXContainerItemProxy section */
		0455AE8E21D622BA007EAF3D /* PBXContainerItemProxy */ = {
			isa = PBXContainerItemProxy;
			containerPortal = 0455AE7121D622AA007EAF3D /* Project object */;
			proxyType = 1;
			remoteGlobalIDString = 0455AE7821D622AA007EAF3D;
			remoteInfo = coogle;
		};
		0455AE9921D622BA007EAF3D /* PBXContainerItemProxy */ = {
			isa = PBXContainerItemProxy;
			containerPortal = 0455AE7121D622AA007EAF3D /* Project object */;
			proxyType = 1;
			remoteGlobalIDString = 0455AE7821D622AA007EAF3D;
			remoteInfo = coogle;
		};
/* End PBXContainerItemProxy section */

/* Begin PBXFileReference section */
		0455AE7921D622AA007EAF3D /* coogle.app */ = {isa = PBXFileReference; explicitFileType = wrapper.application; includeInIndex = 0; path = coogle.app; sourceTree = BUILT_PRODUCTS_DIR; };
		0455AE7C21D622AA007EAF3D /* AppDelegate.swift */ = {isa = PBXFileReference; lastKnownFileType = sourcecode.swift; path = AppDelegate.swift; sourceTree = "<group>"; };
		0455AE7E21D622AA007EAF3D /* ViewController.swift */ = {isa = PBXFileReference; lastKnownFileType = sourcecode.swift; path = ViewController.swift; sourceTree = "<group>"; };
		0455AE8121D622AA007EAF3D /* Base */ = {isa = PBXFileReference; lastKnownFileType = file.storyboard; name = Base; path = Base.lproj/Main.storyboard; sourceTree = "<group>"; };
		0455AE8321D622B9007EAF3D /* Assets.xcassets */ = {isa = PBXFileReference; lastKnownFileType = folder.assetcatalog; path = Assets.xcassets; sourceTree = "<group>"; };
		0455AE8621D622BA007EAF3D /* Base */ = {isa = PBXFileReference; lastKnownFileType = file.storyboard; name = Base; path = Base.lproj/LaunchScreen.storyboard; sourceTree = "<group>"; };
		0455AE8821D622BA007EAF3D /* Info.plist */ = {isa = PBXFileReference; lastKnownFileType = text.plist.xml; path = Info.plist; sourceTree = "<group>"; };
		0455AE8D21D622BA007EAF3D /* coogleTests.xctest */ = {isa = PBXFileReference; explicitFileType = wrapper.cfbundle; includeInIndex = 0; path = coogleTests.xctest; sourceTree = BUILT_PRODUCTS_DIR; };
		0455AE9121D622BA007EAF3D /* coogleTests.swift */ = {isa = PBXFileReference; lastKnownFileType = sourcecode.swift; path = coogleTests.swift; sourceTree = "<group>"; };
		0455AE9321D622BA007EAF3D /* Info.plist */ = {isa = PBXFileReference; lastKnownFileType = text.plist.xml; path = Info.plist; sourceTree = "<group>"; };
		0455AE9821D622BA007EAF3D /* coogleUITests.xctest */ = {isa = PBXFileReference; explicitFileType = wrapper.cfbundle; includeInIndex = 0; path = coogleUITests.xctest; sourceTree = BUILT_PRODUCTS_DIR; };
		0455AE9C21D622BA007EAF3D /* coogleUITests.swift */ = {isa = PBXFileReference; lastKnownFileType = sourcecode.swift; path = coogleUITests.swift; sourceTree = "<group>"; };
		0455AE9E21D622BA007EAF3D /* Info.plist */ = {isa = PBXFileReference; lastKnownFileType = text.plist.xml; path = Info.plist; sourceTree = "<group>"; };
/* End PBXFileReference section */

/* Begin PBXFrameworksBuildPhase section */
		0455AE7621D622AA007EAF3D /* Frameworks */ = {
			isa = PBXFrameworksBuildPhase;
			buildActionMask = 2147483647;
			files = (
			);
			runOnlyForDeploymentPostprocessing = 0;
		};
		0455AE8A21D622BA007EAF3D /* Frameworks */ = {
			isa = PBXFrameworksBuildPhase;
			buildActionMask = 2147483647;
			files = (
			);
			runOnlyForDeploymentPostprocessing = 0;
		};
		0455AE9521D622BA007EAF3D /* Frameworks */ = {
			isa = PBXFrameworksBuildPhase;
			buildActionMask = 2147483647;
			files = (
			);
			runOnlyForDeploymentPostprocessing = 0;
		};
/* End PBXFrameworksBuildPhase section */

/* Begin PBXGroup section */
		0455AE7021D622AA007EAF3D = {
			isa = PBXGroup;
			children = (
				0455AE7B21D622AA007EAF3D /* coogle */,
				0455AE9021D622BA007EAF3D /* coogleTests */,
				0455AE9B21D622BA007EAF3D /* coogleUITests */,
				0455AE7A21D622AA007EAF3D /* Products */,
			);
			sourceTree = "<group>";
		};
		0455AE7A21D622AA007EAF3D /* Products */ = {
			isa = PBXGroup;
			children = (
				0455AE7921D622AA007EAF3D /* coogle.app */,
				0455AE8D21D622BA007EAF3D /* coogleTests.xctest */,
				0455AE9821D622BA007EAF3D /* coogleUITests.xctest */,
			);
			name = Products;
			sourceTree = "<group>";
		};
		0455AE7B21D622AA007EAF3D /* coogle */ = {
			isa = PBXGroup;
			children = (
				0455AE7C21D622AA007EAF3D /* AppDelegate.swift */,
				0455AE7E21D622AA007EAF3D /* ViewController.swift */,
				0455AE8021D622AA007EAF3D /* Main.storyboard */,
				0455AE8321D622B9007EAF3D /* Assets.xcassets */,
				0455AE8521D622BA007EAF3D /* LaunchScreen.storyboard */,
				0455AE8821D622BA007EAF3D /* Info.plist */,
			);
			path = coogle;
			sourceTree = "<group>";
		};
		0455AE9021D622BA007EAF3D /* coogleTests */ = {
			isa = PBXGroup;
			children = (
				0455AE9121D622BA007EAF3D /* coogleTests.swift */,
				0455AE9321D622BA007EAF3D /* Info.plist */,
			);
			path = coogleTests;
			sourceTree = "<group>";
		};
		0455AE9B21D622BA007EAF3D /* coogleUITests */ = {
			isa = PBXGroup;
			children = (
				0455AE9C21D622BA007EAF3D /* coogleUITests.swift */,
				0455AE9E21D622BA007EAF3D /* Info.plist */,
			);
			path = coogleUITests;
			sourceTree = "<group>";
		};
/* End PBXGroup section */

/* Begin PBXNativeTarget section */
		0455AE7821D622AA007EAF3D /* coogle */ = {
			isa = PBXNativeTarget;
			buildConfigurationList = 0455AEA121D622BA007EAF3D /* Build configuration list for PBXNativeTarget "coogle" */;
			buildPhases = (
				0455AE7521D622AA007EAF3D /* Sources */,
				0455AE7621D622AA007EAF3D /* Frameworks */,
				0455AE7721D622AA007EAF3D /* Resources */,
			);
			buildRules = (
			);
			dependencies = (
			);
			name = coogle;
			productName = coogle;
			productReference = 0455AE7921D622AA007EAF3D /* coogle.app */;
			productType = "com.apple.product-type.application";
		};
		0455AE8C21D622BA007EAF3D /* coogleTests */ = {
			isa = PBXNativeTarget;
			buildConfigurationList = 0455AEA421D622BA007EAF3D /* Build configuration list for PBXNativeTarget "coogleTests" */;
			buildPhases = (
				0455AE8921D622BA007EAF3D /* Sources */,
				0455AE8A21D622BA007EAF3D /* Frameworks */,
				0455AE8B21D622BA007EAF3D /* Resources */,
			);
			buildRules = (
			);
			dependencies = (
				0455AE8F21D622BA007EAF3D /* PBXTargetDependency */,
			);
			name = coogleTests;
			productName = coogleTests;
			productReference = 0455AE8D21D622BA007EAF3D /* coogleTests.xctest */;
			productType = "com.apple.product-type.bundle.unit-test";
		};
		0455AE9721D622BA007EAF3D /* coogleUITests */ = {
			isa = PBXNativeTarget;
			buildConfigurationList = 0455AEA721D622BA007EAF3D /* Build configuration list for PBXNativeTarget "coogleUITests" */;
			buildPhases = (
				0455AE9421D622BA007EAF3D /* Sources */,
				0455AE9521D622BA007EAF3D /* Frameworks */,
				0455AE9621D622BA007EAF3D /* Resources */,
			);
			buildRules = (
			);
			dependencies = (
				0455AE9A21D622BA007EAF3D /* PBXTargetDependency */,
			);
			name = coogleUITests;
			productName = coogleUITests;
			productReference = 0455AE9821D622BA007EAF3D /* coogleUITests.xctest */;
			productType = "com.apple.product-type.bundle.ui-testing";
		};
/* End PBXNativeTarget section */

/* Begin PBXProject section */
		0455AE7121D622AA007EAF3D /* Project object */ = {
			isa = PBXProject;
			attributes = {
				LastSwiftUpdateCheck = 1010;
				LastUpgradeCheck = 1010;
				ORGANIZATIONNAME = 20161104581;
				TargetAttributes = {
					0455AE7821D622AA007EAF3D = {
						CreatedOnToolsVersion = 10.1;
					};
					0455AE8C21D622BA007EAF3D = {
						CreatedOnToolsVersion = 10.1;
						TestTargetID = 0455AE7821D622AA007EAF3D;
					};
					0455AE9721D622BA007EAF3D = {
						CreatedOnToolsVersion = 10.1;
						TestTargetID = 0455AE7821D622AA007EAF3D;
					};
				};
			};
			buildConfigurationList = 0455AE7421D622AA007EAF3D /* Build configuration list for PBXProject "coogle" */;
			compatibilityVersion = "Xcode 9.3";
			developmentRegion = en;
			hasScannedForEncodings = 0;
			knownRegions = (
				en,
				Base,
			);
			mainGroup = 0455AE7021D622AA007EAF3D;
			productRefGroup = 0455AE7A21D622AA007EAF3D /* Products */;
			projectDirPath = "";
			projectRoot = "";
			targets = (
				0455AE7821D622AA007EAF3D /* coogle */,
				0455AE8C21D622BA007EAF3D /* coogleTests */,
				0455AE9721D622BA007EAF3D /* coogleUITests */,
			);
		};
/* End PBXProject section */

/* Begin PBXResourcesBuildPhase section */
		0455AE7721D622AA007EAF3D /* Resources */ = {
			isa = PBXResourcesBuildPhase;
			buildActionMask = 2147483647;
			files = (
				0455AE8721D622BA007EAF3D /* LaunchScreen.storyboard in Resources */,
				0455AE8421D622B9007EAF3D /* Assets.xcassets in Resources */,
				0455AE8221D622AA007EAF3D /* Main.storyboard in Resources */,
			);
			runOnlyForDeploymentPostprocessing = 0;
		};
		0455AE8B21D622BA007EAF3D /* Resources */ = {
			isa = PBXResourcesBuildPhase;
			buildActionMask = 2147483647;
			files = (
			);
			runOnlyForDeploymentPostprocessing = 0;
		};
		0455AE9621D622BA007EAF3D /* Resources */ = {
			isa = PBXResourcesBuildPhase;
			buildActionMask = 2147483647;
			files = (
			);
			runOnlyForDeploymentPostprocessing = 0;
		};
/* End PBXResourcesBuildPhase section */

/* Begin PBXSourcesBuildPhase section */
		0455AE7521D622AA007EAF3D /* Sources */ = {
			isa = PBXSourcesBuildPhase;
			buildActionMask = 2147483647;
			files = (
				0455AE7F21D622AA007EAF3D /* ViewController.swift in Sources */,
				0455AE7D21D622AA007EAF3D /* AppDelegate.swift in Sources */,
			);
			runOnlyForDeploymentPostprocessing = 0;
		};
		0455AE8921D622BA007EAF3D /* Sources */ = {
			isa = PBXSourcesBuildPhase;
			buildActionMask = 2147483647;
			files = (
				0455AE9221D622BA007EAF3D /* coogleTests.swift in Sources */,
			);
			runOnlyForDeploymentPostprocessing = 0;
		};
		0455AE9421D622BA007EAF3D /* Sources */ = {
			isa = PBXSourcesBuildPhase;
			buildActionMask = 2147483647;
			files = (
				0455AE9D21D622BA007EAF3D /* coogleUITests.swift in Sources */,
			);
			runOnlyForDeploymentPostprocessing = 0;
		};
/* End PBXSourcesBuildPhase section */

/* Begin PBXTargetDependency section */
		0455AE8F21D622BA007EAF3D /* PBXTargetDependency */ = {
			isa = PBXTargetDependency;
			target = 0455AE7821D622AA007EAF3D /* coogle */;
			targetProxy = 0455AE8E21D622BA007EAF3D /* PBXContainerItemProxy */;
		};
		0455AE9A21D622BA007EAF3D /* PBXTargetDependency */ = {
			isa = PBXTargetDependency;
			target = 0455AE7821D622AA007EAF3D /* coogle */;
			targetProxy = 0455AE9921D622BA007EAF3D /* PBXContainerItemProxy */;
		};
/* End PBXTargetDependency section */

/* Begin PBXVariantGroup section */
		0455AE8021D622AA007EAF3D /* Main.storyboard */ = {
			isa = PBXVariantGroup;
			children = (
				0455AE8121D622AA007EAF3D /* Base */,
			);
			name = Main.storyboard;
			sourceTree = "<group>";
		};
		0455AE8521D622BA007EAF3D /* LaunchScreen.storyboard */ = {
			isa = PBXVariantGroup;
			children = (
				0455AE8621D622BA007EAF3D /* Base */,
			);
			name = LaunchScreen.storyboard;
			sourceTree = "<group>";
		};
/* End PBXVariantGroup section */

/* Begin XCBuildConfiguration section */
		0455AE9F21D622BA007EAF3D /* Debug */ = {
			isa = XCBuildConfiguration;
			buildSettings = {
				ALWAYS_SEARCH_USER_PATHS = NO;
				CLANG_ANALYZER_NONNULL = YES;
				CLANG_ANALYZER_NUMBER_OBJECT_CONVERSION = YES_AGGRESSIVE;
				CLANG_CXX_LANGUAGE_STANDARD = "gnu++14";
				CLANG_CXX_LIBRARY = "libc++";
				CLANG_ENABLE_MODULES = YES;
				CLANG_ENABLE_OBJC_ARC = YES;
				CLANG_ENABLE_OBJC_WEAK = YES;
				CLANG_WARN_BLOCK_CAPTURE_AUTORELEASING = YES;
				CLANG_WARN_BOOL_CONVERSION = YES;
				CLANG_WARN_COMMA = YES;
				CLANG_WARN_CONSTANT_CONVERSION = YES;
				CLANG_WARN_DEPRECATED_OBJC_IMPLEMENTATIONS = YES;
				CLANG_WARN_DIRECT_OBJC_ISA_USAGE = YES_ERROR;
				CLANG_WARN_DOCUMENTATION_COMMENTS = YES;
				CLANG_WARN_EMPTY_BODY = YES;
				CLANG_WARN_ENUM_CONVERSION = YES;
				CLANG_WARN_INFINITE_RECURSION = YES;
				CLANG_WARN_INT_CONVERSION = YES;
				CLANG_WARN_NON_LITERAL_NULL_CONVERSION = YES;
				CLANG_WARN_OBJC_IMPLICIT_RETAIN_SELF = YES;
				CLANG_WARN_OBJC_LITERAL_CONVERSION = YES;
				CLANG_WARN_OBJC_ROOT_CLASS = YES_ERROR;
				CLANG_WARN_RANGE_LOOP_ANALYSIS = YES;
				CLANG_WARN_STRICT_PROTOTYPES = YES;
				CLANG_WARN_SUSPICIOUS_MOVE = YES;
				CLANG_WARN_UNGUARDED_AVAILABILITY = YES_AGGRESSIVE;
				CLANG_WARN_UNREACHABLE_CODE = YES;
				CLANG_WARN__DUPLICATE_METHOD_MATCH = YES;
				CODE_SIGN_IDENTITY = "iPhone Developer";
				COPY_PHASE_STRIP = NO;
				DEBUG_INFORMATION_FORMAT = dwarf;
				ENABLE_STRICT_OBJC_MSGSEND = YES;
				ENABLE_TESTABILITY = YES;
				GCC_C_LANGUAGE_STANDARD = gnu11;
				GCC_DYNAMIC_NO_PIC = NO;
				GCC_NO_COMMON_BLOCKS = YES;
				GCC_OPTIMIZATION_LEVEL = 0;
				GCC_PREPROCESSOR_DEFINITIONS = (
					"DEBUG=1",
					"$(inherited)",
				);
				GCC_WARN_64_TO_32_BIT_CONVERSION = YES;
				GCC_WARN_ABOUT_RETURN_TYPE = YES_ERROR;
				GCC_WARN_UNDECLARED_SELECTOR = YES;
				GCC_WARN_UNINITIALIZED_AUTOS = YES_AGGRESSIVE;
				GCC_WARN_UNUSED_FUNCTION = YES;
				GCC_WARN_UNUSED_VARIABLE = YES;
				IPHONEOS_DEPLOYMENT_TARGET = 12.1;
				MTL_ENABLE_DEBUG_INFO = INCLUDE_SOURCE;
				MTL_FAST_MATH = YES;
				ONLY_ACTIVE_ARCH = YES;
				SDKROOT = iphoneos;
				SWIFT_ACTIVE_COMPILATION_CONDITIONS = DEBUG;
				SWIFT_OPTIMIZATION_LEVEL = "-Onone";
			};
			name = Debug;
		};
		0455AEA021D622BA007EAF3D /* Release */ = {
			isa = XCBuildConfiguration;
			buildSettings = {
				ALWAYS_SEARCH_USER_PATHS = NO;
				CLANG_ANALYZER_NONNULL = YES;
				CLANG_ANALYZER_NUMBER_OBJECT_CONVERSION = YES_AGGRESSIVE;
				CLANG_CXX_LANGUAGE_STANDARD = "gnu++14";
				CLANG_CXX_LIBRARY = "libc++";
				CLANG_ENABLE_MODULES = YES;
				CLANG_ENABLE_OBJC_ARC = YES;
				CLANG_ENABLE_OBJC_WEAK = YES;
				CLANG_WARN_BLOCK_CAPTURE_AUTORELEASING = YES;
				CLANG_WARN_BOOL_CONVERSION = YES;
				CLANG_WARN_COMMA = YES;
				CLANG_WARN_CONSTANT_CONVERSION = YES;
				CLANG_WARN_DEPRECATED_OBJC_IMPLEMENTATIONS = YES;
				CLANG_WARN_DIRECT_OBJC_ISA_USAGE = YES_ERROR;
				CLANG_WARN_DOCUMENTATION_COMMENTS = YES;
				CLANG_WARN_EMPTY_BODY = YES;
				CLANG_WARN_ENUM_CONVERSION = YES;
				CLANG_WARN_INFINITE_RECURSION = YES;
				CLANG_WARN_INT_CONVERSION = YES;
				CLANG_WARN_NON_LITERAL_NULL_CONVERSION = YES;
				CLANG_WARN_OBJC_IMPLICIT_RETAIN_SELF = YES;
				CLANG_WARN_OBJC_LITERAL_CONVERSION = YES;
				CLANG_WARN_OBJC_ROOT_CLASS = YES_ERROR;
				CLANG_WARN_RANGE_LOOP_ANALYSIS = YES;
				CLANG_WARN_STRICT_PROTOTYPES = YES;
				CLANG_WARN_SUSPICIOUS_MOVE = YES;
				CLANG_WARN_UNGUARDED_AVAILABILITY = YES_AGGRESSIVE;
				CLANG_WARN_UNREACHABLE_CODE = YES;
				CLANG_WARN__DUPLICATE_METHOD_MATCH = YES;
				CODE_SIGN_IDENTITY = "iPhone Developer";
				COPY_PHASE_STRIP = NO;
				DEBUG_INFORMATION_FORMAT = "dwarf-with-dsym";
				ENABLE_NS_ASSERTIONS = NO;
				ENABLE_STRICT_OBJC_MSGSEND = YES;
				GCC_C_LANGUAGE_STANDARD = gnu11;
				GCC_NO_COMMON_BLOCKS = YES;
				GCC_WARN_64_TO_32_BIT_CONVERSION = YES;
				GCC_WARN_ABOUT_RETURN_TYPE = YES_ERROR;
				GCC_WARN_UNDECLARED_SELECTOR = YES;
				GCC_WARN_UNINITIALIZED_AUTOS = YES_AGGRESSIVE;
				GCC_WARN_UNUSED_FUNCTION = YES;
				GCC_WARN_UNUSED_VARIABLE = YES;
				IPHONEOS_DEPLOYMENT_TARGET = 12.1;
				MTL_ENABLE_DEBUG_INFO = NO;
				MTL_FAST_MATH = YES;
				SDKROOT = iphoneos;
				SWIFT_COMPILATION_MODE = wholemodule;
				SWIFT_OPTIMIZATION_LEVEL = "-O";
				VALIDATE_PRODUCT = YES;
			};
			name = Release;
		};
		0455AEA221D622BA007EAF3D /* Debug */ = {
			isa = XCBuildConfiguration;
			buildSettings = {
				ASSETCATALOG_COMPILER_APPICON_NAME = AppIcon;
				CODE_SIGN_STYLE = Automatic;
				INFOPLIST_FILE = coogle/Info.plist;
				LD_RUNPATH_SEARCH_PATHS = (
					"$(inherited)",
					"@executable_path/Frameworks",
				);
				PRODUCT_BUNDLE_IDENTIFIER = "-581.coogle";
				PRODUCT_NAME = "$(TARGET_NAME)";
				SWIFT_VERSION = 4.2;
				TARGETED_DEVICE_FAMILY = "1,2";
			};
			name = Debug;
		};
		0455AEA321D622BA007EAF3D /* Release */ = {
			isa = XCBuildConfiguration;
			buildSettings = {
				ASSETCATALOG_COMPILER_APPICON_NAME = AppIcon;
				CODE_SIGN_STYLE = Automatic;
				INFOPLIST_FILE = coogle/Info.plist;
				LD_RUNPATH_SEARCH_PATHS = (
					"$(inherited)",
					"@executable_path/Frameworks",
				);
				PRODUCT_BUNDLE_IDENTIFIER = "-581.coogle";
				PRODUCT_NAME = "$(TARGET_NAME)";
				SWIFT_VERSION = 4.2;
				TARGETED_DEVICE_FAMILY = "1,2";
			};
			name = Release;
		};
		0455AEA521D622BA007EAF3D /* Debug */ = {
			isa = XCBuildConfiguration;
			buildSettings = {
				ALWAYS_EMBED_SWIFT_STANDARD_LIBRARIES = YES;
				BUNDLE_LOADER = "$(TEST_HOST)";
				CODE_SIGN_STYLE = Automatic;
				INFOPLIST_FILE = coogleTests/Info.plist;
				LD_RUNPATH_SEARCH_PATHS = (
					"$(inherited)",
					"@executable_path/Frameworks",
					"@loader_path/Frameworks",
				);
				PRODUCT_BUNDLE_IDENTIFIER = "-581.coogleTests";
				PRODUCT_NAME = "$(TARGET_NAME)";
				SWIFT_VERSION = 4.2;
				TARGETED_DEVICE_FAMILY = "1,2";
				TEST_HOST = "$(BUILT_PRODUCTS_DIR)/coogle.app/coogle";
			};
			name = Debug;
		};
		0455AEA621D622BA007EAF3D /* Release */ = {
			isa = XCBuildConfiguration;
			buildSettings = {
				ALWAYS_EMBED_SWIFT_STANDARD_LIBRARIES = YES;
				BUNDLE_LOADER = "$(TEST_HOST)";
				CODE_SIGN_STYLE = Automatic;
				INFOPLIST_FILE = coogleTests/Info.plist;
				LD_RUNPATH_SEARCH_PATHS = (
					"$(inherited)",
					"@executable_path/Frameworks",
					"@loader_path/Frameworks",
				);
				PRODUCT_BUNDLE_IDENTIFIER = "-581.coogleTests";
				PRODUCT_NAME = "$(TARGET_NAME)";
				SWIFT_VERSION = 4.2;
				TARGETED_DEVICE_FAMILY = "1,2";
				TEST_HOST = "$(BUILT_PRODUCTS_DIR)/coogle.app/coogle";
			};
			name = Release;
		};
		0455AEA821D622BA007EAF3D /* Debug */ = {
			isa = XCBuildConfiguration;
			buildSettings = {
				ALWAYS_EMBED_SWIFT_STANDARD_LIBRARIES = YES;
				CODE_SIGN_STYLE = Automatic;
				INFOPLIST_FILE = coogleUITests/Info.plist;
				LD_RUNPATH_SEARCH_PATHS = (
					"$(inherited)",
					"@executable_path/Frameworks",
					"@loader_path/Frameworks",
				);
				PRODUCT_BUNDLE_IDENTIFIER = "-581.coogleUITests";
				PRODUCT_NAME = "$(TARGET_NAME)";
				SWIFT_VERSION = 4.2;
				TARGETED_DEVICE_FAMILY = "1,2";
				TEST_TARGET_NAME = coogle;
			};
			name = Debug;
		};
		0455AEA921D622BA007EAF3D /* Release */ = {
			isa = XCBuildConfiguration;
			buildSettings = {
				ALWAYS_EMBED_SWIFT_STANDARD_LIBRARIES = YES;
				CODE_SIGN_STYLE = Automatic;
				INFOPLIST_FILE = coogleUITests/Info.plist;
				LD_RUNPATH_SEARCH_PATHS = (
					"$(inherited)",
					"@executable_path/Frameworks",
					"@loader_path/Frameworks",
				);
				PRODUCT_BUNDLE_IDENTIFIER = "-581.coogleUITests";
				PRODUCT_NAME = "$(TARGET_NAME)";
				SWIFT_VERSION = 4.2;
				TARGETED_DEVICE_FAMILY = "1,2";
				TEST_TARGET_NAME = coogle;
			};
			name = Release;
		};
/* End XCBuildConfiguration section */

/* Begin XCConfigurationList section */
		0455AE7421D622AA007EAF3D /* Build configuration list for PBXProject "coogle" */ = {
			isa = XCConfigurationList;
			buildConfigurations = (
				0455AE9F21D622BA007EAF3D /* Debug */,
				0455AEA021D622BA007EAF3D /* Release */,
			);
			defaultConfigurationIsVisible = 0;
			defaultConfigurationName = Release;
		};
		0455AEA121D622BA007EAF3D /* Build configuration list for PBXNativeTarget "coogle" */ = {
			isa = XCConfigurationList;
			buildConfigurations = (
				0455AEA221D622BA007EAF3D /* Debug */,
				0455AEA321D622BA007EAF3D /* Release */,
			);
			defaultConfigurationIsVisible = 0;
			defaultConfigurationName = Release;
		};
		0455AEA421D622BA007EAF3D /* Build configuration list for PBXNativeTarget "coogleTests" */ = {
			isa = XCConfigurationList;
			buildConfigurations = (
				0455AEA521D622BA007EAF3D /* Debug */,
				0455AEA621D622BA007EAF3D /* Release */,
			);
			defaultConfigurationIsVisible = 0;
			defaultConfigurationName = Release;
		};
		0455AEA721D622BA007EAF3D /* Build configuration list for PBXNativeTarget "coogleUITests" */ = {
			isa = XCConfigurationList;
			buildConfigurations = (
				0455AEA821D622BA007EAF3D /* Debug */,
				0455AEA921D622BA007EAF3D /* Release */,
			);
			defaultConfigurationIsVisible = 0;
			defaultConfigurationName = Release;
		};
/* End XCConfigurationList section */
	};
	rootObject = 0455AE7121D622AA007EAF3D /* Project object */;
}
